
Microsoft Visual Studio Solution File, Format Version 12.00
# Visual Studio 15
VisualStudioVersion = 15.0.26124.0
MinimumVisualStudioVersion = 15.0.26124.0
Project("{2150E333-8FDC-42A3-9474-1A3956D46DE8}") = "Domain", "Domain", "{27C777FC-82D7-4F97-BCB4-BD63840B6201}"
EndProject
Project("{FAE04EC0-301F-11D3-BF4B-00C04F79EFBC}") = "DecouplingOData.Domain", "src\DecouplingOData.Domain\DecouplingOData.Domain.csproj", "{1CFEFAAF-A86A-40B4-BCAC-B8C3106C6329}"
EndProject
Project("{FAE04EC0-301F-11D3-BF4B-00C04F79EFBC}") = "DecouplingOData.Domain.Interfaces", "src\DecouplingOData.Domain.Interfaces\DecouplingOData.Domain.Interfaces.csproj", "{09373AA4-2303-4B8D-B6FF-6D5D4CE687B6}"
EndProject
Project("{2150E333-8FDC-42A3-9474-1A3956D46DE8}") = "Infrastructure/Data", "Infrastructure\Data", "{6D4160B2-6BF8-4F80-B952-3182A46EF1D2}"
EndProject
Project("{FAE04EC0-301F-11D3-BF4B-00C04F79EFBC}") = "DecouplingOData.Infrastructure.Data.Dao", "src\DecouplingOData.Infrastructure.Data.Dao\DecouplingOData.Infrastructure.Data.Dao.csproj", "{A9688C3E-55D4-42F5-853C-89B0AB358629}"
EndProject
Project("{2150E333-8FDC-42A3-9474-1A3956D46DE8}") = "Infrastructure/CrossCutting", "Infrastructure\CrossCutting", "{F5ABEF73-FEEF-4C8B-8A7C-F935F3F3AB1C}"
EndProject
Project("{FAE04EC0-301F-11D3-BF4B-00C04F79EFBC}") = "DecouplingOData.Infrastructure.CrossCutting.IoC", "src\DecouplingOData.Infrastructure.CrossCutting.IoC\DecouplingOData.Infrastructure.CrossCutting.IoC.csproj", "{FE065311-80F1-4A21-BF0D-4608DE4C2C95}"
EndProject
Project("{2150E333-8FDC-42A3-9474-1A3956D46DE8}") = "Application", "Application", "{433838B1-AD46-4A2D-A4E4-2973B76C8DF0}"
EndProject
Project("{FAE04EC0-301F-11D3-BF4B-00C04F79EFBC}") = "DecouplingOData.Application", "src\DecouplingOData.Application\DecouplingOData.Application.csproj", "{9FD5EBF6-F2BF-4F25-987B-B715FA04ACB8}"
EndProject
Project("{FAE04EC0-301F-11D3-BF4B-00C04F79EFBC}") = "DecouplingOData.Application.Interfaces", "src\DecouplingOData.Application.Interfaces\DecouplingOData.Application.Interfaces.csproj", "{80E1CF3E-DE49-4A0F-A430-7AEE95AB196A}"
EndProject
Project("{FAE04EC0-301F-11D3-BF4B-00C04F79EFBC}") = "DecouplingOData.Application.IoC", "src\DecouplingOData.Application.IoC\DecouplingOData.Application.IoC.csproj", "{090CBB80-925C-4619-ACEF-4B1AC3D0A7DE}"
EndProject
Project("{2150E333-8FDC-42A3-9474-1A3956D46DE8}") = "Services", "Services", "{8301F28D-4658-4AFB-9402-6F7CDD4F831D}"
EndProject
Project("{FAE04EC0-301F-11D3-BF4B-00C04F79EFBC}") = "DecouplingOData.Services.WebApi", "src\DecouplingOData.Services.WebApi\DecouplingOData.Services.WebApi.csproj", "{C50A2377-8C70-4656-BD86-077C54578C30}"
EndProject
Project("{FAE04EC0-301F-11D3-BF4B-00C04F79EFBC}") = "DecouplingOData.Services.WebApi.IoC", "src\DecouplingOData.Services.WebApi.IoC\DecouplingOData.Services.WebApi.IoC.csproj", "{A7EC555D-D275-49FC-8ADA-B1210BB19F60}"
EndProject
Project("{2150E333-8FDC-42A3-9474-1A3956D46DE8}") = "UI", "UI", "{17D307E3-2ACF-480C-8863-6824B4F086D6}"
EndProject
Project("{FAE04EC0-301F-11D3-BF4B-00C04F79EFBC}") = "DecouplingOData.UI.Web", "src\DecouplingOData.UI.Web\DecouplingOData.UI.Web.csproj", "{2B04F1F2-EC3D-4665-904B-5A0DC59693A4}"
EndProject
Global
	GlobalSection(SolutionConfigurationPlatforms) = preSolution
		Debug|Any CPU = Debug|Any CPU
		Debug|x64 = Debug|x64
		Debug|x86 = Debug|x86
		Release|Any CPU = Release|Any CPU
		Release|x64 = Release|x64
		Release|x86 = Release|x86
	EndGlobalSection
	GlobalSection(SolutionProperties) = preSolution
		HideSolutionNode = FALSE
	EndGlobalSection
	GlobalSection(ProjectConfigurationPlatforms) = postSolution
		{1CFEFAAF-A86A-40B4-BCAC-B8C3106C6329}.Debug|Any CPU.ActiveCfg = Debug|Any CPU
		{1CFEFAAF-A86A-40B4-BCAC-B8C3106C6329}.Debug|Any CPU.Build.0 = Debug|Any CPU
		{1CFEFAAF-A86A-40B4-BCAC-B8C3106C6329}.Debug|x64.ActiveCfg = Debug|Any CPU
		{1CFEFAAF-A86A-40B4-BCAC-B8C3106C6329}.Debug|x64.Build.0 = Debug|Any CPU
		{1CFEFAAF-A86A-40B4-BCAC-B8C3106C6329}.Debug|x86.ActiveCfg = Debug|Any CPU
		{1CFEFAAF-A86A-40B4-BCAC-B8C3106C6329}.Debug|x86.Build.0 = Debug|Any CPU
		{1CFEFAAF-A86A-40B4-BCAC-B8C3106C6329}.Release|Any CPU.ActiveCfg = Release|Any CPU
		{1CFEFAAF-A86A-40B4-BCAC-B8C3106C6329}.Release|Any CPU.Build.0 = Release|Any CPU
		{1CFEFAAF-A86A-40B4-BCAC-B8C3106C6329}.Release|x64.ActiveCfg = Release|Any CPU
		{1CFEFAAF-A86A-40B4-BCAC-B8C3106C6329}.Release|x64.Build.0 = Release|Any CPU
		{1CFEFAAF-A86A-40B4-BCAC-B8C3106C6329}.Release|x86.ActiveCfg = Release|Any CPU
		{1CFEFAAF-A86A-40B4-BCAC-B8C3106C6329}.Release|x86.Build.0 = Release|Any CPU
		{09373AA4-2303-4B8D-B6FF-6D5D4CE687B6}.Debug|Any CPU.ActiveCfg = Debug|Any CPU
		{09373AA4-2303-4B8D-B6FF-6D5D4CE687B6}.Debug|Any CPU.Build.0 = Debug|Any CPU
		{09373AA4-2303-4B8D-B6FF-6D5D4CE687B6}.Debug|x64.ActiveCfg = Debug|Any CPU
		{09373AA4-2303-4B8D-B6FF-6D5D4CE687B6}.Debug|x64.Build.0 = Debug|Any CPU
		{09373AA4-2303-4B8D-B6FF-6D5D4CE687B6}.Debug|x86.ActiveCfg = Debug|Any CPU
		{09373AA4-2303-4B8D-B6FF-6D5D4CE687B6}.Debug|x86.Build.0 = Debug|Any CPU
		{09373AA4-2303-4B8D-B6FF-6D5D4CE687B6}.Release|Any CPU.ActiveCfg = Release|Any CPU
		{09373AA4-2303-4B8D-B6FF-6D5D4CE687B6}.Release|Any CPU.Build.0 = Release|Any CPU
		{09373AA4-2303-4B8D-B6FF-6D5D4CE687B6}.Release|x64.ActiveCfg = Release|Any CPU
		{09373AA4-2303-4B8D-B6FF-6D5D4CE687B6}.Release|x64.Build.0 = Release|Any CPU
		{09373AA4-2303-4B8D-B6FF-6D5D4CE687B6}.Release|x86.ActiveCfg = Release|Any CPU
		{09373AA4-2303-4B8D-B6FF-6D5D4CE687B6}.Release|x86.Build.0 = Release|Any CPU
		{A9688C3E-55D4-42F5-853C-89B0AB358629}.Debug|Any CPU.ActiveCfg = Debug|Any CPU
		{A9688C3E-55D4-42F5-853C-89B0AB358629}.Debug|Any CPU.Build.0 = Debug|Any CPU
		{A9688C3E-55D4-42F5-853C-89B0AB358629}.Debug|x64.ActiveCfg = Debug|Any CPU
		{A9688C3E-55D4-42F5-853C-89B0AB358629}.Debug|x64.Build.0 = Debug|Any CPU
		{A9688C3E-55D4-42F5-853C-89B0AB358629}.Debug|x86.ActiveCfg = Debug|Any CPU
		{A9688C3E-55D4-42F5-853C-89B0AB358629}.Debug|x86.Build.0 = Debug|Any CPU
		{A9688C3E-55D4-42F5-853C-89B0AB358629}.Release|Any CPU.ActiveCfg = Release|Any CPU
		{A9688C3E-55D4-42F5-853C-89B0AB358629}.Release|Any CPU.Build.0 = Release|Any CPU
		{A9688C3E-55D4-42F5-853C-89B0AB358629}.Release|x64.ActiveCfg = Release|Any CPU
		{A9688C3E-55D4-42F5-853C-89B0AB358629}.Release|x64.Build.0 = Release|Any CPU
		{A9688C3E-55D4-42F5-853C-89B0AB358629}.Release|x86.ActiveCfg = Release|Any CPU
		{A9688C3E-55D4-42F5-853C-89B0AB358629}.Release|x86.Build.0 = Release|Any CPU
		{FE065311-80F1-4A21-BF0D-4608DE4C2C95}.Debug|Any CPU.ActiveCfg = Debug|Any CPU
		{FE065311-80F1-4A21-BF0D-4608DE4C2C95}.Debug|Any CPU.Build.0 = Debug|Any CPU
		{FE065311-80F1-4A21-BF0D-4608DE4C2C95}.Debug|x64.ActiveCfg = Debug|Any CPU
		{FE065311-80F1-4A21-BF0D-4608DE4C2C95}.Debug|x64.Build.0 = Debug|Any CPU
		{FE065311-80F1-4A21-BF0D-4608DE4C2C95}.Debug|x86.ActiveCfg = Debug|Any CPU
		{FE065311-80F1-4A21-BF0D-4608DE4C2C95}.Debug|x86.Build.0 = Debug|Any CPU
		{FE065311-80F1-4A21-BF0D-4608DE4C2C95}.Release|Any CPU.ActiveCfg = Release|Any CPU
		{FE065311-80F1-4A21-BF0D-4608DE4C2C95}.Release|Any CPU.Build.0 = Release|Any CPU
		{FE065311-80F1-4A21-BF0D-4608DE4C2C95}.Release|x64.ActiveCfg = Release|Any CPU
		{FE065311-80F1-4A21-BF0D-4608DE4C2C95}.Release|x64.Build.0 = Release|Any CPU
		{FE065311-80F1-4A21-BF0D-4608DE4C2C95}.Release|x86.ActiveCfg = Release|Any CPU
		{FE065311-80F1-4A21-BF0D-4608DE4C2C95}.Release|x86.Build.0 = Release|Any CPU
		{9FD5EBF6-F2BF-4F25-987B-B715FA04ACB8}.Debug|Any CPU.ActiveCfg = Debug|Any CPU
		{9FD5EBF6-F2BF-4F25-987B-B715FA04ACB8}.Debug|Any CPU.Build.0 = Debug|Any CPU
		{9FD5EBF6-F2BF-4F25-987B-B715FA04ACB8}.Debug|x64.ActiveCfg = Debug|Any CPU
		{9FD5EBF6-F2BF-4F25-987B-B715FA04ACB8}.Debug|x64.Build.0 = Debug|Any CPU
		{9FD5EBF6-F2BF-4F25-987B-B715FA04ACB8}.Debug|x86.ActiveCfg = Debug|Any CPU
		{9FD5EBF6-F2BF-4F25-987B-B715FA04ACB8}.Debug|x86.Build.0 = Debug|Any CPU
		{9FD5EBF6-F2BF-4F25-987B-B715FA04ACB8}.Release|Any CPU.ActiveCfg = Release|Any CPU
		{9FD5EBF6-F2BF-4F25-987B-B715FA04ACB8}.Release|Any CPU.Build.0 = Release|Any CPU
		{9FD5EBF6-F2BF-4F25-987B-B715FA04ACB8}.Release|x64.ActiveCfg = Release|Any CPU
		{9FD5EBF6-F2BF-4F25-987B-B715FA04ACB8}.Release|x64.Build.0 = Release|Any CPU
		{9FD5EBF6-F2BF-4F25-987B-B715FA04ACB8}.Release|x86.ActiveCfg = Release|Any CPU
		{9FD5EBF6-F2BF-4F25-987B-B715FA04ACB8}.Release|x86.Build.0 = Release|Any CPU
		{80E1CF3E-DE49-4A0F-A430-7AEE95AB196A}.Debug|Any CPU.ActiveCfg = Debug|Any CPU
		{80E1CF3E-DE49-4A0F-A430-7AEE95AB196A}.Debug|Any CPU.Build.0 = Debug|Any CPU
		{80E1CF3E-DE49-4A0F-A430-7AEE95AB196A}.Debug|x64.ActiveCfg = Debug|Any CPU
		{80E1CF3E-DE49-4A0F-A430-7AEE95AB196A}.Debug|x64.Build.0 = Debug|Any CPU
		{80E1CF3E-DE49-4A0F-A430-7AEE95AB196A}.Debug|x86.ActiveCfg = Debug|Any CPU
		{80E1CF3E-DE49-4A0F-A430-7AEE95AB196A}.Debug|x86.Build.0 = Debug|Any CPU
		{80E1CF3E-DE49-4A0F-A430-7AEE95AB196A}.Release|Any CPU.ActiveCfg = Release|Any CPU
		{80E1CF3E-DE49-4A0F-A430-7AEE95AB196A}.Release|Any CPU.Build.0 = Release|Any CPU
		{80E1CF3E-DE49-4A0F-A430-7AEE95AB196A}.Release|x64.ActiveCfg = Release|Any CPU
		{80E1CF3E-DE49-4A0F-A430-7AEE95AB196A}.Release|x64.Build.0 = Release|Any CPU
		{80E1CF3E-DE49-4A0F-A430-7AEE95AB196A}.Release|x86.ActiveCfg = Release|Any CPU
		{80E1CF3E-DE49-4A0F-A430-7AEE95AB196A}.Release|x86.Build.0 = Release|Any CPU
		{090CBB80-925C-4619-ACEF-4B1AC3D0A7DE}.Debug|Any CPU.ActiveCfg = Debug|Any CPU
		{090CBB80-925C-4619-ACEF-4B1AC3D0A7DE}.Debug|Any CPU.Build.0 = Debug|Any CPU
		{090CBB80-925C-4619-ACEF-4B1AC3D0A7DE}.Debug|x64.ActiveCfg = Debug|Any CPU
		{090CBB80-925C-4619-ACEF-4B1AC3D0A7DE}.Debug|x64.Build.0 = Debug|Any CPU
		{090CBB80-925C-4619-ACEF-4B1AC3D0A7DE}.Debug|x86.ActiveCfg = Debug|Any CPU
		{090CBB80-925C-4619-ACEF-4B1AC3D0A7DE}.Debug|x86.Build.0 = Debug|Any CPU
		{090CBB80-925C-4619-ACEF-4B1AC3D0A7DE}.Release|Any CPU.ActiveCfg = Release|Any CPU
		{090CBB80-925C-4619-ACEF-4B1AC3D0A7DE}.Release|Any CPU.Build.0 = Release|Any CPU
		{090CBB80-925C-4619-ACEF-4B1AC3D0A7DE}.Release|x64.ActiveCfg = Release|Any CPU
		{090CBB80-925C-4619-ACEF-4B1AC3D0A7DE}.Release|x64.Build.0 = Release|Any CPU
		{090CBB80-925C-4619-ACEF-4B1AC3D0A7DE}.Release|x86.ActiveCfg = Release|Any CPU
		{090CBB80-925C-4619-ACEF-4B1AC3D0A7DE}.Release|x86.Build.0 = Release|Any CPU
		{C50A2377-8C70-4656-BD86-077C54578C30}.Debug|Any CPU.ActiveCfg = Debug|Any CPU
		{C50A2377-8C70-4656-BD86-077C54578C30}.Debug|Any CPU.Build.0 = Debug|Any CPU
		{C50A2377-8C70-4656-BD86-077C54578C30}.Debug|x64.ActiveCfg = Debug|Any CPU
		{C50A2377-8C70-4656-BD86-077C54578C30}.Debug|x64.Build.0 = Debug|Any CPU
		{C50A2377-8C70-4656-BD86-077C54578C30}.Debug|x86.ActiveCfg = Debug|Any CPU
		{C50A2377-8C70-4656-BD86-077C54578C30}.Debug|x86.Build.0 = Debug|Any CPU
		{C50A2377-8C70-4656-BD86-077C54578C30}.Release|Any CPU.ActiveCfg = Release|Any CPU
		{C50A2377-8C70-4656-BD86-077C54578C30}.Release|Any CPU.Build.0 = Release|Any CPU
		{C50A2377-8C70-4656-BD86-077C54578C30}.Release|x64.ActiveCfg = Release|Any CPU
		{C50A2377-8C70-4656-BD86-077C54578C30}.Release|x64.Build.0 = Release|Any CPU
		{C50A2377-8C70-4656-BD86-077C54578C30}.Release|x86.ActiveCfg = Release|Any CPU
		{C50A2377-8C70-4656-BD86-077C54578C30}.Release|x86.Build.0 = Release|Any CPU
		{A7EC555D-D275-49FC-8ADA-B1210BB19F60}.Debug|Any CPU.ActiveCfg = Debug|Any CPU
		{A7EC555D-D275-49FC-8ADA-B1210BB19F60}.Debug|Any CPU.Build.0 = Debug|Any CPU
		{A7EC555D-D275-49FC-8ADA-B1210BB19F60}.Debug|x64.ActiveCfg = Debug|Any CPU
		{A7EC555D-D275-49FC-8ADA-B1210BB19F60}.Debug|x64.Build.0 = Debug|Any CPU
		{A7EC555D-D275-49FC-8ADA-B1210BB19F60}.Debug|x86.ActiveCfg = Debug|Any CPU
		{A7EC555D-D275-49FC-8ADA-B1210BB19F60}.Debug|x86.Build.0 = Debug|Any CPU
		{A7EC555D-D275-49FC-8ADA-B1210BB19F60}.Release|Any CPU.ActiveCfg = Release|Any CPU
		{A7EC555D-D275-49FC-8ADA-B1210BB19F60}.Release|Any CPU.Build.0 = Release|Any CPU
		{A7EC555D-D275-49FC-8ADA-B1210BB19F60}.Release|x64.ActiveCfg = Release|Any CPU
		{A7EC555D-D275-49FC-8ADA-B1210BB19F60}.Release|x64.Build.0 = Release|Any CPU
		{A7EC555D-D275-49FC-8ADA-B1210BB19F60}.Release|x86.ActiveCfg = Release|Any CPU
		{A7EC555D-D275-49FC-8ADA-B1210BB19F60}.Release|x86.Build.0 = Release|Any CPU
		{2B04F1F2-EC3D-4665-904B-5A0DC59693A4}.Debug|Any CPU.ActiveCfg = Debug|Any CPU
		{2B04F1F2-EC3D-4665-904B-5A0DC59693A4}.Debug|Any CPU.Build.0 = Debug|Any CPU
		{2B04F1F2-EC3D-4665-904B-5A0DC59693A4}.Debug|x64.ActiveCfg = Debug|Any CPU
		{2B04F1F2-EC3D-4665-904B-5A0DC59693A4}.Debug|x64.Build.0 = Debug|Any CPU
		{2B04F1F2-EC3D-4665-904B-5A0DC59693A4}.Debug|x86.ActiveCfg = Debug|Any CPU
		{2B04F1F2-EC3D-4665-904B-5A0DC59693A4}.Debug|x86.Build.0 = Debug|Any CPU
		{2B04F1F2-EC3D-4665-904B-5A0DC59693A4}.Release|Any CPU.ActiveCfg = Release|Any CPU
		{2B04F1F2-EC3D-4665-904B-5A0DC59693A4}.Release|Any CPU.Build.0 = Release|Any CPU
		{2B04F1F2-EC3D-4665-904B-5A0DC59693A4}.Release|x64.ActiveCfg = Release|Any CPU
		{2B04F1F2-EC3D-4665-904B-5A0DC59693A4}.Release|x64.Build.0 = Release|Any CPU
		{2B04F1F2-EC3D-4665-904B-5A0DC59693A4}.Release|x86.ActiveCfg = Release|Any CPU
		{2B04F1F2-EC3D-4665-904B-5A0DC59693A4}.Release|x86.Build.0 = Release|Any CPU
	EndGlobalSection
	GlobalSection(NestedProjects) = preSolution
		{1CFEFAAF-A86A-40B4-BCAC-B8C3106C6329} = {27C777FC-82D7-4F97-BCB4-BD63840B6201}
		{09373AA4-2303-4B8D-B6FF-6D5D4CE687B6} = {27C777FC-82D7-4F97-BCB4-BD63840B6201}
		{A9688C3E-55D4-42F5-853C-89B0AB358629} = {6D4160B2-6BF8-4F80-B952-3182A46EF1D2}
		{FE065311-80F1-4A21-BF0D-4608DE4C2C95} = {F5ABEF73-FEEF-4C8B-8A7C-F935F3F3AB1C}
		{9FD5EBF6-F2BF-4F25-987B-B715FA04ACB8} = {433838B1-AD46-4A2D-A4E4-2973B76C8DF0}
		{80E1CF3E-DE49-4A0F-A430-7AEE95AB196A} = {433838B1-AD46-4A2D-A4E4-2973B76C8DF0}
		{090CBB80-925C-4619-ACEF-4B1AC3D0A7DE} = {433838B1-AD46-4A2D-A4E4-2973B76C8DF0}
		{C50A2377-8C70-4656-BD86-077C54578C30} = {8301F28D-4658-4AFB-9402-6F7CDD4F831D}
		{A7EC555D-D275-49FC-8ADA-B1210BB19F60} = {8301F28D-4658-4AFB-9402-6F7CDD4F831D}
		{2B04F1F2-EC3D-4665-904B-5A0DC59693A4} = {17D307E3-2ACF-480C-8863-6824B4F086D6}
	EndGlobalSection
EndGlobal
